PODS:
  - FLEX (4.6.1)
  - OCPod (0.1.0):
    - FLEX (~> 4.6.0)
  - OCSwiftPod (0.1.0):
    - SwiftyJSON (~> 4.0)
  - SwiftPod (0.1.0)
  - SwiftyJSON (4.3.0)

DEPENDENCIES:
  - OCPod (from `LocalPods/OCPod`)
  - OCSwiftPod (from `LocalPods/OCSwiftPod`)
  - SwiftPod (from `LocalPods/SwiftPod`)

SPEC REPOS:
  trunk:
    - FLEX
    - SwiftyJSON

EXTERNAL SOURCES:
  OCPod:
    :path: LocalPods/OCPod
  OCSwiftPod:
    :path: LocalPods/OCSwiftPod
  SwiftPod:
    :path: LocalPods/SwiftPod

SPEC CHECKSUMS:
  FLEX: bbc55d197f87d7cde2454c3981aa47069b694144
  OCPod: bda0fd3db633a2d8d082d6ae5eb21cf0bb72779b
  OCSwiftPod: b6aa402656cd09f3e9826a0694a19917e0da0526
  SwiftPod: 9964c45bf856429cfc0351b9edefa417e4f3b01b
  SwiftyJSON: 6faa0040f8b59dead0ee07436cbf76b73c08fd08

PODFILE CHECKSUM: 7c4ed8973d4d3ec8e71f109507f86eb6e61198ed

COCOAPODS: 1.8.4
