// !$*UTF8*$!
{
	archiveVersion = 1;
	classes = {
	};
	objectVersion = 55;
	objects = {

/* Begin PBXBuildFile section */
		2B794A9F2906EAD6000C21A1 /* README.md in Resources */ = {isa = PBXBuildFile; fileRef = 2B794A9E2906EAD6000C21A1 /* README.md */; };
		E2AB2DC4272654960096C715 /* AppDelegate.m in Sources */ = {isa = PBXBuildFile; fileRef = E2AB2DC3272654960096C715 /* AppDelegate.m */; };
		E2AB2DC7272654970096C715 /* SceneDelegate.m in Sources */ = {isa = PBXBuildFile; fileRef = E2AB2DC6272654960096C715 /* SceneDelegate.m */; };
		E2AB2DCA272654970096C715 /* OCViewController.m in Sources */ = {isa = PBXBuildFile; fileRef = E2AB2DC9272654970096C715 /* OCViewController.m */; };
		E2AB2DCD272654970096C715 /* Main.storyboard in Resources */ = {isa = PBXBuildFile; fileRef = E2AB2DCB272654970096C715 /* Main.storyboard */; };
		E2AB2DCF272654980096C715 /* Assets.xcassets in Resources */ = {isa = PBXBuildFile; fileRef = E2AB2DCE272654980096C715 /* Assets.xcassets */; };
		E2AB2DD2272654980096C715 /* LaunchScreen.storyboard in Resources */ = {isa = PBXBuildFile; fileRef = E2AB2DD0272654980096C715 /* LaunchScreen.storyboard */; };
		E2AB2DD5272654980096C715 /* main.m in Sources */ = {isa = PBXBuildFile; fileRef = E2AB2DD4272654980096C715 /* main.m */; };
		E2AB2DDD2726976E0096C715 /* SwiftViewController.swift in Sources */ = {isa = PBXBuildFile; fileRef = E2AB2DDC2726976E0096C715 /* SwiftViewController.swift */; };
		FE95457327DFC6CFF7334446 /* libPods-OrzOCSwiftCross.a in Frameworks */ = {isa = PBXBuildFile; fileRef = 758D1E3C55F50C923A4D878F /* libPods-OrzOCSwiftCross.a */; };
/* End PBXBuildFile section */

/* Begin PBXFileReference section */
		2B794A9E2906EAD6000C21A1 /* README.md */ = {isa = PBXFileReference; fileEncoding = 4; lastKnownFileType = net.daringfireball.markdown; path = README.md; sourceTree = SOURCE_ROOT; };
		42152D7103ACF4C1A1C57143 /* Pods-OrzOCSwiftCross.debug.xcconfig */ = {isa = PBXFileReference; includeInIndex = 1; lastKnownFileType = text.xcconfig; name = "Pods-OrzOCSwiftCross.debug.xcconfig"; path = "Target Support Files/Pods-OrzOCSwiftCross/Pods-OrzOCSwiftCross.debug.xcconfig"; sourceTree = "<group>"; };
		4C020443111B8D6C079ABC08 /* Pods-OrzOCSwiftCross.release.xcconfig */ = {isa = PBXFileReference; includeInIndex = 1; lastKnownFileType = text.xcconfig; name = "Pods-OrzOCSwiftCross.release.xcconfig"; path = "Target Support Files/Pods-OrzOCSwiftCross/Pods-OrzOCSwiftCross.release.xcconfig"; sourceTree = "<group>"; };
		758D1E3C55F50C923A4D878F /* libPods-OrzOCSwiftCross.a */ = {isa = PBXFileReference; explicitFileType = archive.ar; includeInIndex = 0; path = "libPods-OrzOCSwiftCross.a"; sourceTree = BUILT_PRODUCTS_DIR; };
		E2AB2DBF272654960096C715 /* OrzOCSwiftCross.app */ = {isa = PBXFileReference; explicitFileType = wrapper.application; includeInIndex = 0; path = OrzOCSwiftCross.app; sourceTree = BUILT_PRODUCTS_DIR; };
		E2AB2DC2272654960096C715 /* AppDelegate.h */ = {isa = PBXFileReference; lastKnownFileType = sourcecode.c.h; path = AppDelegate.h; sourceTree = "<group>"; };
		E2AB2DC3272654960096C715 /* AppDelegate.m */ = {isa = PBXFileReference; lastKnownFileType = sourcecode.c.objc; path = AppDelegate.m; sourceTree = "<group>"; };
		E2AB2DC5272654960096C715 /* SceneDelegate.h */ = {isa = PBXFileReference; lastKnownFileType = sourcecode.c.h; path = SceneDelegate.h; sourceTree = "<group>"; };
		E2AB2DC6272654960096C715 /* SceneDelegate.m */ = {isa = PBXFileReference; lastKnownFileType = sourcecode.c.objc; path = SceneDelegate.m; sourceTree = "<group>"; };
		E2AB2DC8272654970096C715 /* OCViewController.h */ = {isa = PBXFileReference; lastKnownFileType = sourcecode.c.h; path = OCViewController.h; sourceTree = "<group>"; };
		E2AB2DC9272654970096C715 /* OCViewController.m */ = {isa = PBXFileReference; lastKnownFileType = sourcecode.c.objc; path = OCViewController.m; sourceTree = "<group>"; };
		E2AB2DCC272654970096C715 /* Base */ = {isa = PBXFileReference; lastKnownFileType = file.storyboard; name = Base; path = Base.lproj/Main.storyboard; sourceTree = "<group>"; };
		E2AB2DCE272654980096C715 /* Assets.xcassets */ = {isa = PBXFileReference; lastKnownFileType = folder.assetcatalog; path = Assets.xcassets; sourceTree = "<group>"; };
		E2AB2DD1272654980096C715 /* Base */ = {isa = PBXFileReference; lastKnownFileType = file.storyboard; name = Base; path = Base.lproj/LaunchScreen.storyboard; sourceTree = "<group>"; };
		E2AB2DD3272654980096C715 /* Info.plist */ = {isa = PBXFileReference; lastKnownFileType = text.plist.xml; path = Info.plist; sourceTree = "<group>"; };
		E2AB2DD4272654980096C715 /* main.m */ = {isa = PBXFileReference; lastKnownFileType = sourcecode.c.objc; path = main.m; sourceTree = "<group>"; };
		E2AB2DDB2726976D0096C715 /* OrzOCSwiftCross-Bridging-Header.h */ = {isa = PBXFileReference; lastKnownFileType = sourcecode.c.h; path = "OrzOCSwiftCross-Bridging-Header.h"; sourceTree = "<group>"; };
		E2AB2DDC2726976E0096C715 /* SwiftViewController.swift */ = {isa = PBXFileReference; lastKnownFileType = sourcecode.swift; path = SwiftViewController.swift; sourceTree = "<group>"; };
/* End PBXFileReference section */

/* Begin PBXFrameworksBuildPhase section */
		E2AB2DBC272654960096C715 /* Frameworks */ = {
			isa = PBXFrameworksBuildPhase;
			buildActionMask = 2147483647;
			files = (
				FE95457327DFC6CFF7334446 /* libPods-OrzOCSwiftCross.a in Frameworks */,
			);
			runOnlyForDeploymentPostprocessing = 0;
		};
/* End PBXFrameworksBuildPhase section */

/* Begin PBXGroup section */
		43491C009EE23A47825D0DAC /* Pods */ = {
			isa = PBXGroup;
			children = (
				42152D7103ACF4C1A1C57143 /* Pods-OrzOCSwiftCross.debug.xcconfig */,
				4C020443111B8D6C079ABC08 /* Pods-OrzOCSwiftCross.release.xcconfig */,
			);
			path = Pods;
			sourceTree = "<group>";
		};
		BF9275AE71597B9E866B1F05 /* Frameworks */ = {
			isa = PBXGroup;
			children = (
				758D1E3C55F50C923A4D878F /* libPods-OrzOCSwiftCross.a */,
			);
			name = Frameworks;
			sourceTree = "<group>";
		};
		E29C9FCF272A92010057B020 /* Others */ = {
			isa = PBXGroup;
			children = (
				E2AB2DC2272654960096C715 /* AppDelegate.h */,
				E2AB2DC3272654960096C715 /* AppDelegate.m */,
				E2AB2DC5272654960096C715 /* SceneDelegate.h */,
				E2AB2DC6272654960096C715 /* SceneDelegate.m */,
				E2AB2DCB272654970096C715 /* Main.storyboard */,
				E2AB2DCE272654980096C715 /* Assets.xcassets */,
				E2AB2DD0272654980096C715 /* LaunchScreen.storyboard */,
				E2AB2DD3272654980096C715 /* Info.plist */,
				E2AB2DD4272654980096C715 /* main.m */,
			);
			path = Others;
			sourceTree = "<group>";
		};
		E2AB2DB6272654960096C715 = {
			isa = PBXGroup;
			children = (
				E2AB2DC1272654960096C715 /* OrzOCSwiftCross */,
				E2AB2DC0272654960096C715 /* Products */,
				43491C009EE23A47825D0DAC /* Pods */,
				BF9275AE71597B9E866B1F05 /* Frameworks */,
			);
			sourceTree = "<group>";
		};
		E2AB2DC0272654960096C715 /* Products */ = {
			isa = PBXGroup;
			children = (
				E2AB2DBF272654960096C715 /* OrzOCSwiftCross.app */,
			);
			name = Products;
			sourceTree = "<group>";
		};
		E2AB2DC1272654960096C715 /* OrzOCSwiftCross */ = {
			isa = PBXGroup;
			children = (
				2B794A9E2906EAD6000C21A1 /* README.md */,
				E29C9FCF272A92010057B020 /* Others */,
				E2AB2DC8272654970096C715 /* OCViewController.h */,
				E2AB2DC9272654970096C715 /* OCViewController.m */,
				E2AB2DDC2726976E0096C715 /* SwiftViewController.swift */,
				E2AB2DDB2726976D0096C715 /* OrzOCSwiftCross-Bridging-Header.h */,
			);
			path = OrzOCSwiftCross;
			sourceTree = "<group>";
		};
/* End PBXGroup section */

/* Begin PBXNativeTarget section */
		E2AB2DBE272654960096C715 /* OrzOCSwiftCross */ = {
			isa = PBXNativeTarget;
			buildConfigurationList = E2AB2DD8272654980096C715 /* Build configuration list for PBXNativeTarget "OrzOCSwiftCross" */;
			buildPhases = (
				6728F4EF8379C53D08440966 /* [CP] Check Pods Manifest.lock */,
				E2AB2DBB272654960096C715 /* Sources */,
				E2AB2DBC272654960096C715 /* Frameworks */,
				E2AB2DBD272654960096C715 /* Resources */,
			);
			buildRules = (
			);
			dependencies = (
			);
			name = OrzOCSwiftCross;
			productName = OrzOCSwiftCross;
			productReference = E2AB2DBF272654960096C715 /* OrzOCSwiftCross.app */;
			productType = "com.apple.product-type.application";
		};
/* End PBXNativeTarget section */

/* Begin PBXProject section */
		E2AB2DB7272654960096C715 /* Project object */ = {
			isa = PBXProject;
			attributes = {
				BuildIndependentTargetsInParallel = 1;
				LastUpgradeCheck = 1410;
				TargetAttributes = {
					E2AB2DBE272654960096C715 = {
						CreatedOnToolsVersion = 13.0;
						LastSwiftMigration = 1300;
					};
				};
			};
			buildConfigurationList = E2AB2DBA272654960096C715 /* Build configuration list for PBXProject "OrzOCSwiftCross" */;
			compatibilityVersion = "Xcode 13.0";
			developmentRegion = en;
			hasScannedForEncodings = 0;
			knownRegions = (
				en,
				Base,
			);
			mainGroup = E2AB2DB6272654960096C715;
			productRefGroup = E2AB2DC0272654960096C715 /* Products */;
			projectDirPath = "";
			projectRoot = "";
			targets = (
				E2AB2DBE272654960096C715 /* OrzOCSwiftCross */,
			);
		};
/* End PBXProject section */

/* Begin PBXResourcesBuildPhase section */
		E2AB2DBD272654960096C715 /* Resources */ = {
			isa = PBXResourcesBuildPhase;
			buildActionMask = 2147483647;
			files = (
				E2AB2DD2272654980096C715 /* LaunchScreen.storyboard in Resources */,
				E2AB2DCF272654980096C715 /* Assets.xcassets in Resources */,
				2B794A9F2906EAD6000C21A1 /* README.md in Resources */,
				E2AB2DCD272654970096C715 /* Main.storyboard in Resources */,
			);
			runOnlyForDeploymentPostprocessing = 0;
		};
/* End PBXResourcesBuildPhase section */

/* Begin PBXShellScriptBuildPhase section */
		6728F4EF8379C53D08440966 /* [CP] Check Pods Manifest.lock */ = {
			isa = PBXShellScriptBuildPhase;
			buildActionMask = 2147483647;
			files = (
			);
			inputFileListPaths = (
			);
			inputPaths = (
				"${PODS_PODFILE_DIR_PATH}/Podfile.lock",
				"${PODS_ROOT}/Manifest.lock",
			);
			name = "[CP] Check Pods Manifest.lock";
			outputFileListPaths = (
			);
			outputPaths = (
				"$(DERIVED_FILE_DIR)/Pods-OrzOCSwiftCross-checkManifestLockResult.txt",
			);
			runOnlyForDeploymentPostprocessing = 0;
			shellPath = /bin/sh;
			shellScript = "diff \"${PODS_PODFILE_DIR_PATH}/Podfile.lock\" \"${PODS_ROOT}/Manifest.lock\" > /dev/null\nif [ $? != 0 ] ; then\n    # print error to STDERR\n    echo \"error: The sandbox is not in sync with the Podfile.lock. Run 'pod install' or update your CocoaPods installation.\" >&2\n    exit 1\nfi\n# This output is used by Xcode 'outputs' to avoid re-running this script phase.\necho \"SUCCESS\" > \"${SCRIPT_OUTPUT_FILE_0}\"\n";
			showEnvVarsInLog = 0;
		};
/* End PBXShellScriptBuildPhase section */

/* Begin PBXSourcesBuildPhase section */
		E2AB2DBB272654960096C715 /* Sources */ = {
			isa = PBXSourcesBuildPhase;
			buildActionMask = 2147483647;
			files = (
				E2AB2DCA272654970096C715 /* OCViewController.m in Sources */,
				E2AB2DC4272654960096C715 /* AppDelegate.m in Sources */,
				E2AB2DD5272654980096C715 /* main.m in Sources */,
				E2AB2DDD2726976E0096C715 /* SwiftViewController.swift in Sources */,
				E2AB2DC7272654970096C715 /* SceneDelegate.m in Sources */,
			);
			runOnlyForDeploymentPostprocessing = 0;
		};
/* End PBXSourcesBuildPhase section */

/* Begin PBXVariantGroup section */
		E2AB2DCB272654970096C715 /* Main.storyboard */ = {
			isa = PBXVariantGroup;
			children = (
				E2AB2DCC272654970096C715 /* Base */,
			);
			name = Main.storyboard;
			sourceTree = "<group>";
		};
		E2AB2DD0272654980096C715 /* LaunchScreen.storyboard */ = {
			isa = PBXVariantGroup;
			children = (
				E2AB2DD1272654980096C715 /* Base */,
			);
			name = LaunchScreen.storyboard;
			sourceTree = "<group>";
		};
/* End PBXVariantGroup section */

/* Begin XCBuildConfiguration section */
		E2AB2DD6272654980096C715 /* Debug */ = {
			isa = XCBuildConfiguration;
			buildSettings = {
				ALWAYS_SEARCH_USER_PATHS = NO;
				CLANG_ANALYZER_NONNULL = YES;
				CLANG_ANALYZER_NUMBER_OBJECT_CONVERSION = YES_AGGRESSIVE;
				CLANG_CXX_LANGUAGE_STANDARD = "gnu++17";
				CLANG_CXX_LIBRARY = "libc++";
				CLANG_ENABLE_MODULES = YES;
				CLANG_ENABLE_OBJC_ARC = YES;
				CLANG_ENABLE_OBJC_WEAK = YES;
				CLANG_WARN_BLOCK_CAPTURE_AUTORELEASING = YES;
				CLANG_WARN_BOOL_CONVERSION = YES;
				CLANG_WARN_COMMA = YES;
				CLANG_WARN_CONSTANT_CONVERSION = YES;
				CLANG_WARN_DEPRECATED_OBJC_IMPLEMENTATIONS = YES;
				CLANG_WARN_DIRECT_OBJC_ISA_USAGE = YES_ERROR;
				CLANG_WARN_DOCUMENTATION_COMMENTS = YES;
				CLANG_WARN_EMPTY_BODY = YES;
				CLANG_WARN_ENUM_CONVERSION = YES;
				CLANG_WARN_INFINITE_RECURSION = YES;
				CLANG_WARN_INT_CONVERSION = YES;
				CLANG_WARN_NON_LITERAL_NULL_CONVERSION = YES;
				CLANG_WARN_OBJC_IMPLICIT_RETAIN_SELF = YES;
				CLANG_WARN_OBJC_LITERAL_CONVERSION = YES;
				CLANG_WARN_OBJC_ROOT_CLASS = YES_ERROR;
				CLANG_WARN_QUOTED_INCLUDE_IN_FRAMEWORK_HEADER = YES;
				CLANG_WARN_RANGE_LOOP_ANALYSIS = YES;
				CLANG_WARN_STRICT_PROTOTYPES = YES;
				CLANG_WARN_SUSPICIOUS_MOVE = YES;
				CLANG_WARN_UNGUARDED_AVAILABILITY = YES_AGGRESSIVE;
				CLANG_WARN_UNREACHABLE_CODE = YES;
				CLANG_WARN__DUPLICATE_METHOD_MATCH = YES;
				COPY_PHASE_STRIP = NO;
				DEBUG_INFORMATION_FORMAT = dwarf;
				ENABLE_STRICT_OBJC_MSGSEND = YES;
				ENABLE_TESTABILITY = YES;
				GCC_C_LANGUAGE_STANDARD = gnu11;
				GCC_DYNAMIC_NO_PIC = NO;
				GCC_NO_COMMON_BLOCKS = YES;
				GCC_OPTIMIZATION_LEVEL = 0;
				GCC_PREPROCESSOR_DEFINITIONS = (
					"DEBUG=1",
					"$(inherited)",
				);
				GCC_WARN_64_TO_32_BIT_CONVERSION = YES;
				GCC_WARN_ABOUT_RETURN_TYPE = YES_ERROR;
				GCC_WARN_UNDECLARED_SELECTOR = YES;
				GCC_WARN_UNINITIALIZED_AUTOS = YES_AGGRESSIVE;
				GCC_WARN_UNUSED_FUNCTION = YES;
				GCC_WARN_UNUSED_VARIABLE = YES;
				IPHONEOS_DEPLOYMENT_TARGET = 12.0;
				MTL_ENABLE_DEBUG_INFO = INCLUDE_SOURCE;
				MTL_FAST_MATH = YES;
				ONLY_ACTIVE_ARCH = YES;
				SDKROOT = iphoneos;
			};
			name = Debug;
		};
		E2AB2DD7272654980096C715 /* Release */ = {
			isa = XCBuildConfiguration;
			buildSettings = {
				ALWAYS_SEARCH_USER_PATHS = NO;
				CLANG_ANALYZER_NONNULL = YES;
				CLANG_ANALYZER_NUMBER_OBJECT_CONVERSION = YES_AGGRESSIVE;
				CLANG_CXX_LANGUAGE_STANDARD = "gnu++17";
				CLANG_CXX_LIBRARY = "libc++";
				CLANG_ENABLE_MODULES = YES;
				CLANG_ENABLE_OBJC_ARC = YES;
				CLANG_ENABLE_OBJC_WEAK = YES;
				CLANG_WARN_BLOCK_CAPTURE_AUTORELEASING = YES;
				CLANG_WARN_BOOL_CONVERSION = YES;
				CLANG_WARN_COMMA = YES;
				CLANG_WARN_CONSTANT_CONVERSION = YES;
				CLANG_WARN_DEPRECATED_OBJC_IMPLEMENTATIONS = YES;
				CLANG_WARN_DIRECT_OBJC_ISA_USAGE = YES_ERROR;
				CLANG_WARN_DOCUMENTATION_COMMENTS = YES;
				CLANG_WARN_EMPTY_BODY = YES;
				CLANG_WARN_ENUM_CONVERSION = YES;
				CLANG_WARN_INFINITE_RECURSION = YES;
				CLANG_WARN_INT_CONVERSION = YES;
				CLANG_WARN_NON_LITERAL_NULL_CONVERSION = YES;
				CLANG_WARN_OBJC_IMPLICIT_RETAIN_SELF = YES;
				CLANG_WARN_OBJC_LITERAL_CONVERSION = YES;
				CLANG_WARN_OBJC_ROOT_CLASS = YES_ERROR;
				CLANG_WARN_QUOTED_INCLUDE_IN_FRAMEWORK_HEADER = YES;
				CLANG_WARN_RANGE_LOOP_ANALYSIS = YES;
				CLANG_WARN_STRICT_PROTOTYPES = YES;
				CLANG_WARN_SUSPICIOUS_MOVE = YES;
				CLANG_WARN_UNGUARDED_AVAILABILITY = YES_AGGRESSIVE;
				CLANG_WARN_UNREACHABLE_CODE = YES;
				CLANG_WARN__DUPLICATE_METHOD_MATCH = YES;
				COPY_PHASE_STRIP = NO;
				DEBUG_INFORMATION_FORMAT = "dwarf-with-dsym";
				ENABLE_NS_ASSERTIONS = NO;
				ENABLE_STRICT_OBJC_MSGSEND = YES;
				GCC_C_LANGUAGE_STANDARD = gnu11;
				GCC_NO_COMMON_BLOCKS = YES;
				GCC_WARN_64_TO_32_BIT_CONVERSION = YES;
				GCC_WARN_ABOUT_RETURN_TYPE = YES_ERROR;
				GCC_WARN_UNDECLARED_SELECTOR = YES;
				GCC_WARN_UNINITIALIZED_AUTOS = YES_AGGRESSIVE;
				GCC_WARN_UNUSED_FUNCTION = YES;
				GCC_WARN_UNUSED_VARIABLE = YES;
				IPHONEOS_DEPLOYMENT_TARGET = 12.0;
				MTL_ENABLE_DEBUG_INFO = NO;
				MTL_FAST_MATH = YES;
				SDKROOT = iphoneos;
				SWIFT_COMPILATION_MODE = wholemodule;
				VALIDATE_PRODUCT = YES;
			};
			name = Release;
		};
		E2AB2DD9272654980096C715 /* Debug */ = {
			isa = XCBuildConfiguration;
			baseConfigurationReference = 42152D7103ACF4C1A1C57143 /* Pods-OrzOCSwiftCross.debug.xcconfig */;
			buildSettings = {
				ASSETCATALOG_COMPILER_APPICON_NAME = AppIcon;
				ASSETCATALOG_COMPILER_GLOBAL_ACCENT_COLOR_NAME = AccentColor;
				CLANG_ENABLE_MODULES = YES;
				CODE_SIGN_STYLE = Automatic;
				CURRENT_PROJECT_VERSION = 1;
				DEFINES_MODULE = YES;
				DEVELOPMENT_TEAM = 6UF48V8A6H;
				GENERATE_INFOPLIST_FILE = YES;
				INFOPLIST_FILE = OrzOCSwiftCross/Others/Info.plist;
				INFOPLIST_KEY_UIApplicationSupportsIndirectInputEvents = YES;
				INFOPLIST_KEY_UILaunchStoryboardName = LaunchScreen;
				INFOPLIST_KEY_UIMainStoryboardFile = Main;
				INFOPLIST_KEY_UISupportedInterfaceOrientations_iPad = "UIInterfaceOrientationPortrait UIInterfaceOrientationPortraitUpsideDown UIInterfaceOrientationLandscapeLeft UIInterfaceOrientationLandscapeRight";
				INFOPLIST_KEY_UISupportedInterfaceOrientations_iPhone = "UIInterfaceOrientationPortrait UIInterfaceOrientationLandscapeLeft UIInterfaceOrientationLandscapeRight";
				IPHONEOS_DEPLOYMENT_TARGET = 13.0;
				LD_RUNPATH_SEARCH_PATHS = (
					"$(inherited)",
					"@executable_path/Frameworks",
				);
				MARKETING_VERSION = 1.0;
				PRODUCT_BUNDLE_IDENTIFIER = com.joker.OrzOCSwiftCross;
				PRODUCT_NAME = "$(TARGET_NAME)";
				SWIFT_EMIT_LOC_STRINGS = YES;
				SWIFT_OBJC_BRIDGING_HEADER = "OrzOCSwiftCross/OrzOCSwiftCross-Bridging-Header.h";
				SWIFT_OPTIMIZATION_LEVEL = "-Onone";
				SWIFT_VERSION = 5.0;
				TARGETED_DEVICE_FAMILY = "1,2";
			};
			name = Debug;
		};
		E2AB2DDA272654980096C715 /* Release */ = {
			isa = XCBuildConfiguration;
			baseConfigurationReference = 4C020443111B8D6C079ABC08 /* Pods-OrzOCSwiftCross.release.xcconfig */;
			buildSettings = {
				ASSETCATALOG_COMPILER_APPICON_NAME = AppIcon;
				ASSETCATALOG_COMPILER_GLOBAL_ACCENT_COLOR_NAME = AccentColor;
				CLANG_ENABLE_MODULES = YES;
				CODE_SIGN_STYLE = Automatic;
				CURRENT_PROJECT_VERSION = 1;
				DEFINES_MODULE = YES;
				DEVELOPMENT_TEAM = 6UF48V8A6H;
				GENERATE_INFOPLIST_FILE = YES;
				INFOPLIST_FILE = OrzOCSwiftCross/Others/Info.plist;
				INFOPLIST_KEY_UIApplicationSupportsIndirectInputEvents = YES;
				INFOPLIST_KEY_UILaunchStoryboardName = LaunchScreen;
				INFOPLIST_KEY_UIMainStoryboardFile = Main;
				INFOPLIST_KEY_UISupportedInterfaceOrientations_iPad = "UIInterfaceOrientationPortrait UIInterfaceOrientationPortraitUpsideDown UIInterfaceOrientationLandscapeLeft UIInterfaceOrientationLandscapeRight";
				INFOPLIST_KEY_UISupportedInterfaceOrientations_iPhone = "UIInterfaceOrientationPortrait UIInterfaceOrientationLandscapeLeft UIInterfaceOrientationLandscapeRight";
				IPHONEOS_DEPLOYMENT_TARGET = 13.0;
				LD_RUNPATH_SEARCH_PATHS = (
					"$(inherited)",
					"@executable_path/Frameworks",
				);
				MARKETING_VERSION = 1.0;
				PRODUCT_BUNDLE_IDENTIFIER = com.joker.OrzOCSwiftCross;
				PRODUCT_NAME = "$(TARGET_NAME)";
				SWIFT_EMIT_LOC_STRINGS = YES;
				SWIFT_OBJC_BRIDGING_HEADER = "OrzOCSwiftCross/OrzOCSwiftCross-Bridging-Header.h";
				SWIFT_VERSION = 5.0;
				TARGETED_DEVICE_FAMILY = "1,2";
			};
			name = Release;
		};
/* End XCBuildConfiguration section */

/* Begin XCConfigurationList section */
		E2AB2DBA272654960096C715 /* Build configuration list for PBXProject "OrzOCSwiftCross" */ = {
			isa = XCConfigurationList;
			buildConfigurations = (
				E2AB2DD6272654980096C715 /* Debug */,
				E2AB2DD7272654980096C715 /* Release */,
			);
			defaultConfigurationIsVisible = 0;
			defaultConfigurationName = Release;
		};
		E2AB2DD8272654980096C715 /* Build configuration list for PBXNativeTarget "OrzOCSwiftCross" */ = {
			isa = XCConfigurationList;
			buildConfigurations = (
				E2AB2DD9272654980096C715 /* Debug */,
				E2AB2DDA272654980096C715 /* Release */,
			);
			defaultConfigurationIsVisible = 0;
			defaultConfigurationName = Release;
		};
/* End XCConfigurationList section */
	};
	rootObject = E2AB2DB7272654960096C715 /* Project object */;
}
